{
  "nodes": {
    "nixpkgs": {
      "locked": {
        "lastModified": 1677934826,
        "narHash": "sha256-iFh60C5D0Je4mm5UNz+63JuEXJbOoLx0WJNUzk5I6HU=",
        "owner": "NixOS",
        "repo": "nixpkgs",
        "rev": "1c430957694840e5771297c5ef7506492dabd270",
        "type": "github"
      },
      "original": {
        "owner": "NixOS",
        "ref": "haskell-updates",
        "repo": "nixpkgs",
        "type": "github"
      }
    },
    "root": {
      "inputs": {
        "nixpkgs": "nixpkgs"
      }
    }
  },
  "root": "root",
  "version": 7
}
